
Microsoft Visual Studio Solution File, Format Version 12.00
# Visual Studio Version 17
VisualStudioVersion = 17.1.32319.34
MinimumVisualStudioVersion = 10.0.40219.1
Project("{9A19103F-16F7-4668-BE54-9A1E7A4F7556}") = "MMTRShop.Repository", "MMTRShop.Repository\MMTRShop.Repository.csproj", "{6A36A9DC-38EE-4442-9F23-A8B87DE1493B}"
EndProject
Project("{9A19103F-16F7-4668-BE54-9A1E7A4F7556}") = "MMTRShop.Service", "MMTRShop.Service\MMTRShop.Service.csproj", "{2D10C12E-F6D1-43E0-9783-70938BA1B09F}"
EndProject
Project("{9A19103F-16F7-4668-BE54-9A1E7A4F7556}") = "MMTRShopAPI", "MMTRShopAPI\MMTRShopAPI.csproj", "{FBE191AE-E3E9-49F3-B75A-02FF036D3778}"
EndProject
Project("{2150E333-8FDC-42A3-9474-1A3956D46DE8}") = "Authorization", "Authorization", "{4C65B566-D423-4C1B-8804-FA9040854BA3}"
EndProject
Project("{2150E333-8FDC-42A3-9474-1A3956D46DE8}") = "Cart", "Cart", "{2175EDAE-EAE1-4343-96BF-1CC827F504CE}"
EndProject
Project("{2150E333-8FDC-42A3-9474-1A3956D46DE8}") = "Configuration", "Configuration", "{BE0580E8-EB39-4365-9BED-3CB2D2558EA2}"
EndProject
Project("{2150E333-8FDC-42A3-9474-1A3956D46DE8}") = "PersonalAccount", "PersonalAccount", "{54E2DABA-8103-4B00-AFA6-C8E11F7B6116}"
EndProject
Project("{9A19103F-16F7-4668-BE54-9A1E7A4F7556}") = "Shop.Infrastructure", "Shop.Infrastructure\Shop.Infrastructure.csproj", "{5199E3CE-2BB3-4063-A411-F29EFC7E583C}"
EndProject
Project("{9A19103F-16F7-4668-BE54-9A1E7A4F7556}") = "Authorization.Repository", "Autorization\Authorization.Repository\Authorization.Repository.csproj", "{0D07F61C-EBBC-48DC-BD01-FEA8662800DE}"
EndProject
Project("{9A19103F-16F7-4668-BE54-9A1E7A4F7556}") = "Authorization.Services", "Autorization\Authorization.Services\Authorization.Services.csproj", "{1778D1C6-2355-4C07-BA64-A1030A7EF4AF}"
EndProject
Project("{9A19103F-16F7-4668-BE54-9A1E7A4F7556}") = "Authorization.Api", "Autorization\Authorization.Api\Authorization.Api.csproj", "{C2965C0D-D16D-4DA7-8CB6-31F63B6672BE}"
EndProject
Project("{9A19103F-16F7-4668-BE54-9A1E7A4F7556}") = "Carts.Repository", "Cart\Cart.Repository\Carts.Repository.csproj", "{059D36B9-3DE5-4709-AC4F-BF0890173B14}"
EndProject
Project("{9A19103F-16F7-4668-BE54-9A1E7A4F7556}") = "Carts.Services", "Cart\Cart.Services\Carts.Services.csproj", "{0171BE8F-44C7-4BDC-8EA3-A871DF87E040}"
EndProject
Project("{9A19103F-16F7-4668-BE54-9A1E7A4F7556}") = "Carts.Api", "Cart\Cart.Api\Carts.Api.csproj", "{AD8147B5-E578-477D-A5A3-FA72EF8BD765}"
EndProject
Project("{9A19103F-16F7-4668-BE54-9A1E7A4F7556}") = "Configuration.Services", "Configuration\Configuration.Services\Configuration.Services.csproj", "{5E18AA9F-33E2-45D9-9D06-3CAEF5B98E8F}"
EndProject
Project("{9A19103F-16F7-4668-BE54-9A1E7A4F7556}") = "Configuration.Repository", "Configuration\Configuration.Repository\Configuration.Repository.csproj", "{801065EB-3BD4-4A28-AD11-DA2D8E125B8A}"
EndProject
Project("{9A19103F-16F7-4668-BE54-9A1E7A4F7556}") = "Configuration.Api", "Configuration\Configuration.Api\Configuration.Api.csproj", "{640A3ACB-2549-4DD9-898F-E19BEE6A21FF}"
EndProject
Project("{9A19103F-16F7-4668-BE54-9A1E7A4F7556}") = "PersonalAccount.Services", "PersonalAccount\PersonalAccount.Services\PersonalAccount.Services.csproj", "{3CACEBBE-74E7-4CE0-B67F-67357174BE0D}"
EndProject
Project("{9A19103F-16F7-4668-BE54-9A1E7A4F7556}") = "PersonalAccount.Repository", "PersonalAccount\PersonalAccount.Repository\PersonalAccount.Repository.csproj", "{0BA21A65-F7DD-4F72-ADD7-A611B28783B5}"
EndProject
Project("{9A19103F-16F7-4668-BE54-9A1E7A4F7556}") = "PersonalAccount.Api", "PersonalAccount\PersonalAccount.Api\PersonalAccount.Api.csproj", "{A73922B3-76D6-4BD1-BE71-6145C278396A}"
EndProject
Project("{2150E333-8FDC-42A3-9474-1A3956D46DE8}") = "Products", "Products", "{57C3E342-566D-4619-B0D4-813B6DDFE4ED}"
EndProject
Project("{9A19103F-16F7-4668-BE54-9A1E7A4F7556}") = "Products.Api", "Product\Products.Api\Products.Api.csproj", "{B722B857-67F0-47C3-8A11-46AE5E75297C}"
EndProject
Project("{9A19103F-16F7-4668-BE54-9A1E7A4F7556}") = "Products.Repository", "Product\Products.Repository\Products.Repository.csproj", "{435907A7-2CEB-47CA-B152-A09E393B28EB}"
EndProject
Project("{9A19103F-16F7-4668-BE54-9A1E7A4F7556}") = "Products.Service", "Product\Products.Service\Products.Service.csproj", "{5D454266-F2F4-4699-9DBC-7524A5C3CEED}"
EndProject
Project("{2150E333-8FDC-42A3-9474-1A3956D46DE8}") = "Orders", "Orders", "{A5EF9DE5-F313-4A11-8828-449198566A73}"
EndProject
Project("{9A19103F-16F7-4668-BE54-9A1E7A4F7556}") = "Orders.Api", "Orders\Orders.Api\Orders.Api.csproj", "{352C71DD-900F-4861-8022-E27B19D7DFC9}"
EndProject
Project("{9A19103F-16F7-4668-BE54-9A1E7A4F7556}") = "Orders.Repository", "Orders\Orders.Repository\Orders.Repository.csproj", "{E7CC8D07-0EE2-4459-9686-422DA167D77E}"
EndProject
Project("{9A19103F-16F7-4668-BE54-9A1E7A4F7556}") = "Orders.Service", "Orders\Orders.Service\Orders.Service.csproj", "{933E13D1-8505-4C67-A745-DCACE8AE2020}"
EndProject
Project("{2150E333-8FDC-42A3-9474-1A3956D46DE8}") = "BankCards", "BankCards", "{8BE9C090-7272-46E4-8E23-71C85C4E6FF0}"
EndProject
Project("{2150E333-8FDC-42A3-9474-1A3956D46DE8}") = "Favourites", "Favourites", "{1EEEFA0C-4104-40D0-AC3B-C345C7A089C9}"
EndProject
Project("{2150E333-8FDC-42A3-9474-1A3956D46DE8}") = "Feedbacks", "Feedbacks", "{5935BD96-C3A4-4782-9059-A31DBD3281F8}"
EndProject
Project("{9A19103F-16F7-4668-BE54-9A1E7A4F7556}") = "Feedbacks.Api", "Feedbacks\Feedbacks.Api\Feedbacks.Api.csproj", "{9695137E-CFA5-4FCB-80EC-56462634EA3A}"
EndProject
Project("{9A19103F-16F7-4668-BE54-9A1E7A4F7556}") = "Feedbacks.Services", "Feedbacks\Feedbacks.Services\Feedbacks.Services.csproj", "{D5DF12D3-86FC-4358-B7CB-62105DE3C9E5}"
EndProject
Project("{9A19103F-16F7-4668-BE54-9A1E7A4F7556}") = "Feedbacks.Repository", "Feedbacks\Feedbacks.Repository\Feedbacks.Repository.csproj", "{B23BAEAE-BDB3-41D8-B59D-9525179DFE48}"
EndProject
Project("{9A19103F-16F7-4668-BE54-9A1E7A4F7556}") = "Favourites.Api", "Favourites\Favourites.Api\Favourites.Api.csproj", "{032ECC90-E0B2-47C8-8470-22DDB00E9DAC}"
EndProject
Project("{9A19103F-16F7-4668-BE54-9A1E7A4F7556}") = "Favourites.Repository", "Favourites\Favourites.Repository\Favourites.Repository.csproj", "{49BAFB65-4EE6-45D4-95D6-0CEE7FAF5886}"
EndProject
Project("{9A19103F-16F7-4668-BE54-9A1E7A4F7556}") = "Favourites.Services", "Favourites\Favourites.Services\Favourites.Services.csproj", "{D3B1BD3C-799D-4F9D-B2D7-630B2D81F703}"
EndProject
Global
	GlobalSection(SolutionConfigurationPlatforms) = preSolution
		Debug|Any CPU = Debug|Any CPU
		Release|Any CPU = Release|Any CPU
	EndGlobalSection
	GlobalSection(ProjectConfigurationPlatforms) = postSolution
		{6A36A9DC-38EE-4442-9F23-A8B87DE1493B}.Debug|Any CPU.ActiveCfg = Debug|Any CPU
		{6A36A9DC-38EE-4442-9F23-A8B87DE1493B}.Debug|Any CPU.Build.0 = Debug|Any CPU
		{6A36A9DC-38EE-4442-9F23-A8B87DE1493B}.Release|Any CPU.ActiveCfg = Release|Any CPU
		{6A36A9DC-38EE-4442-9F23-A8B87DE1493B}.Release|Any CPU.Build.0 = Release|Any CPU
		{2D10C12E-F6D1-43E0-9783-70938BA1B09F}.Debug|Any CPU.ActiveCfg = Debug|Any CPU
		{2D10C12E-F6D1-43E0-9783-70938BA1B09F}.Debug|Any CPU.Build.0 = Debug|Any CPU
		{2D10C12E-F6D1-43E0-9783-70938BA1B09F}.Release|Any CPU.ActiveCfg = Release|Any CPU
		{2D10C12E-F6D1-43E0-9783-70938BA1B09F}.Release|Any CPU.Build.0 = Release|Any CPU
		{FBE191AE-E3E9-49F3-B75A-02FF036D3778}.Debug|Any CPU.ActiveCfg = Debug|Any CPU
		{FBE191AE-E3E9-49F3-B75A-02FF036D3778}.Debug|Any CPU.Build.0 = Debug|Any CPU
		{FBE191AE-E3E9-49F3-B75A-02FF036D3778}.Release|Any CPU.ActiveCfg = Release|Any CPU
		{FBE191AE-E3E9-49F3-B75A-02FF036D3778}.Release|Any CPU.Build.0 = Release|Any CPU
		{5199E3CE-2BB3-4063-A411-F29EFC7E583C}.Debug|Any CPU.ActiveCfg = Debug|Any CPU
		{5199E3CE-2BB3-4063-A411-F29EFC7E583C}.Debug|Any CPU.Build.0 = Debug|Any CPU
		{5199E3CE-2BB3-4063-A411-F29EFC7E583C}.Release|Any CPU.ActiveCfg = Release|Any CPU
		{5199E3CE-2BB3-4063-A411-F29EFC7E583C}.Release|Any CPU.Build.0 = Release|Any CPU
		{0D07F61C-EBBC-48DC-BD01-FEA8662800DE}.Debug|Any CPU.ActiveCfg = Debug|Any CPU
		{0D07F61C-EBBC-48DC-BD01-FEA8662800DE}.Debug|Any CPU.Build.0 = Debug|Any CPU
		{0D07F61C-EBBC-48DC-BD01-FEA8662800DE}.Release|Any CPU.ActiveCfg = Release|Any CPU
		{0D07F61C-EBBC-48DC-BD01-FEA8662800DE}.Release|Any CPU.Build.0 = Release|Any CPU
		{1778D1C6-2355-4C07-BA64-A1030A7EF4AF}.Debug|Any CPU.ActiveCfg = Debug|Any CPU
		{1778D1C6-2355-4C07-BA64-A1030A7EF4AF}.Debug|Any CPU.Build.0 = Debug|Any CPU
		{1778D1C6-2355-4C07-BA64-A1030A7EF4AF}.Release|Any CPU.ActiveCfg = Release|Any CPU
		{1778D1C6-2355-4C07-BA64-A1030A7EF4AF}.Release|Any CPU.Build.0 = Release|Any CPU
		{C2965C0D-D16D-4DA7-8CB6-31F63B6672BE}.Debug|Any CPU.ActiveCfg = Debug|Any CPU
		{C2965C0D-D16D-4DA7-8CB6-31F63B6672BE}.Debug|Any CPU.Build.0 = Debug|Any CPU
		{C2965C0D-D16D-4DA7-8CB6-31F63B6672BE}.Release|Any CPU.ActiveCfg = Release|Any CPU
		{C2965C0D-D16D-4DA7-8CB6-31F63B6672BE}.Release|Any CPU.Build.0 = Release|Any CPU
		{059D36B9-3DE5-4709-AC4F-BF0890173B14}.Debug|Any CPU.ActiveCfg = Debug|Any CPU
		{059D36B9-3DE5-4709-AC4F-BF0890173B14}.Debug|Any CPU.Build.0 = Debug|Any CPU
		{059D36B9-3DE5-4709-AC4F-BF0890173B14}.Release|Any CPU.ActiveCfg = Release|Any CPU
		{059D36B9-3DE5-4709-AC4F-BF0890173B14}.Release|Any CPU.Build.0 = Release|Any CPU
		{0171BE8F-44C7-4BDC-8EA3-A871DF87E040}.Debug|Any CPU.ActiveCfg = Debug|Any CPU
		{0171BE8F-44C7-4BDC-8EA3-A871DF87E040}.Debug|Any CPU.Build.0 = Debug|Any CPU
		{0171BE8F-44C7-4BDC-8EA3-A871DF87E040}.Release|Any CPU.ActiveCfg = Release|Any CPU
		{0171BE8F-44C7-4BDC-8EA3-A871DF87E040}.Release|Any CPU.Build.0 = Release|Any CPU
		{AD8147B5-E578-477D-A5A3-FA72EF8BD765}.Debug|Any CPU.ActiveCfg = Debug|Any CPU
		{AD8147B5-E578-477D-A5A3-FA72EF8BD765}.Debug|Any CPU.Build.0 = Debug|Any CPU
		{AD8147B5-E578-477D-A5A3-FA72EF8BD765}.Release|Any CPU.ActiveCfg = Release|Any CPU
		{AD8147B5-E578-477D-A5A3-FA72EF8BD765}.Release|Any CPU.Build.0 = Release|Any CPU
		{5E18AA9F-33E2-45D9-9D06-3CAEF5B98E8F}.Debug|Any CPU.ActiveCfg = Debug|Any CPU
		{5E18AA9F-33E2-45D9-9D06-3CAEF5B98E8F}.Debug|Any CPU.Build.0 = Debug|Any CPU
		{5E18AA9F-33E2-45D9-9D06-3CAEF5B98E8F}.Release|Any CPU.ActiveCfg = Release|Any CPU
		{5E18AA9F-33E2-45D9-9D06-3CAEF5B98E8F}.Release|Any CPU.Build.0 = Release|Any CPU
		{801065EB-3BD4-4A28-AD11-DA2D8E125B8A}.Debug|Any CPU.ActiveCfg = Debug|Any CPU
		{801065EB-3BD4-4A28-AD11-DA2D8E125B8A}.Debug|Any CPU.Build.0 = Debug|Any CPU
		{801065EB-3BD4-4A28-AD11-DA2D8E125B8A}.Release|Any CPU.ActiveCfg = Release|Any CPU
		{801065EB-3BD4-4A28-AD11-DA2D8E125B8A}.Release|Any CPU.Build.0 = Release|Any CPU
		{640A3ACB-2549-4DD9-898F-E19BEE6A21FF}.Debug|Any CPU.ActiveCfg = Debug|Any CPU
		{640A3ACB-2549-4DD9-898F-E19BEE6A21FF}.Debug|Any CPU.Build.0 = Debug|Any CPU
		{640A3ACB-2549-4DD9-898F-E19BEE6A21FF}.Release|Any CPU.ActiveCfg = Release|Any CPU
		{640A3ACB-2549-4DD9-898F-E19BEE6A21FF}.Release|Any CPU.Build.0 = Release|Any CPU
		{3CACEBBE-74E7-4CE0-B67F-67357174BE0D}.Debug|Any CPU.ActiveCfg = Debug|Any CPU
		{3CACEBBE-74E7-4CE0-B67F-67357174BE0D}.Debug|Any CPU.Build.0 = Debug|Any CPU
		{3CACEBBE-74E7-4CE0-B67F-67357174BE0D}.Release|Any CPU.ActiveCfg = Release|Any CPU
		{3CACEBBE-74E7-4CE0-B67F-67357174BE0D}.Release|Any CPU.Build.0 = Release|Any CPU
		{0BA21A65-F7DD-4F72-ADD7-A611B28783B5}.Debug|Any CPU.ActiveCfg = Debug|Any CPU
		{0BA21A65-F7DD-4F72-ADD7-A611B28783B5}.Debug|Any CPU.Build.0 = Debug|Any CPU
		{0BA21A65-F7DD-4F72-ADD7-A611B28783B5}.Release|Any CPU.ActiveCfg = Release|Any CPU
		{0BA21A65-F7DD-4F72-ADD7-A611B28783B5}.Release|Any CPU.Build.0 = Release|Any CPU
		{A73922B3-76D6-4BD1-BE71-6145C278396A}.Debug|Any CPU.ActiveCfg = Debug|Any CPU
		{A73922B3-76D6-4BD1-BE71-6145C278396A}.Debug|Any CPU.Build.0 = Debug|Any CPU
		{A73922B3-76D6-4BD1-BE71-6145C278396A}.Release|Any CPU.ActiveCfg = Release|Any CPU
		{A73922B3-76D6-4BD1-BE71-6145C278396A}.Release|Any CPU.Build.0 = Release|Any CPU
		{B722B857-67F0-47C3-8A11-46AE5E75297C}.Debug|Any CPU.ActiveCfg = Debug|Any CPU
		{B722B857-67F0-47C3-8A11-46AE5E75297C}.Debug|Any CPU.Build.0 = Debug|Any CPU
		{B722B857-67F0-47C3-8A11-46AE5E75297C}.Release|Any CPU.ActiveCfg = Release|Any CPU
		{B722B857-67F0-47C3-8A11-46AE5E75297C}.Release|Any CPU.Build.0 = Release|Any CPU
		{435907A7-2CEB-47CA-B152-A09E393B28EB}.Debug|Any CPU.ActiveCfg = Debug|Any CPU
		{435907A7-2CEB-47CA-B152-A09E393B28EB}.Debug|Any CPU.Build.0 = Debug|Any CPU
		{435907A7-2CEB-47CA-B152-A09E393B28EB}.Release|Any CPU.ActiveCfg = Release|Any CPU
		{435907A7-2CEB-47CA-B152-A09E393B28EB}.Release|Any CPU.Build.0 = Release|Any CPU
		{5D454266-F2F4-4699-9DBC-7524A5C3CEED}.Debug|Any CPU.ActiveCfg = Debug|Any CPU
		{5D454266-F2F4-4699-9DBC-7524A5C3CEED}.Debug|Any CPU.Build.0 = Debug|Any CPU
		{5D454266-F2F4-4699-9DBC-7524A5C3CEED}.Release|Any CPU.ActiveCfg = Release|Any CPU
		{5D454266-F2F4-4699-9DBC-7524A5C3CEED}.Release|Any CPU.Build.0 = Release|Any CPU
		{352C71DD-900F-4861-8022-E27B19D7DFC9}.Debug|Any CPU.ActiveCfg = Debug|Any CPU
		{352C71DD-900F-4861-8022-E27B19D7DFC9}.Debug|Any CPU.Build.0 = Debug|Any CPU
		{352C71DD-900F-4861-8022-E27B19D7DFC9}.Release|Any CPU.ActiveCfg = Release|Any CPU
		{352C71DD-900F-4861-8022-E27B19D7DFC9}.Release|Any CPU.Build.0 = Release|Any CPU
		{E7CC8D07-0EE2-4459-9686-422DA167D77E}.Debug|Any CPU.ActiveCfg = Debug|Any CPU
		{E7CC8D07-0EE2-4459-9686-422DA167D77E}.Debug|Any CPU.Build.0 = Debug|Any CPU
		{E7CC8D07-0EE2-4459-9686-422DA167D77E}.Release|Any CPU.ActiveCfg = Release|Any CPU
		{E7CC8D07-0EE2-4459-9686-422DA167D77E}.Release|Any CPU.Build.0 = Release|Any CPU
		{933E13D1-8505-4C67-A745-DCACE8AE2020}.Debug|Any CPU.ActiveCfg = Debug|Any CPU
		{933E13D1-8505-4C67-A745-DCACE8AE2020}.Debug|Any CPU.Build.0 = Debug|Any CPU
		{933E13D1-8505-4C67-A745-DCACE8AE2020}.Release|Any CPU.ActiveCfg = Release|Any CPU
		{933E13D1-8505-4C67-A745-DCACE8AE2020}.Release|Any CPU.Build.0 = Release|Any CPU
		{9695137E-CFA5-4FCB-80EC-56462634EA3A}.Debug|Any CPU.ActiveCfg = Debug|Any CPU
		{9695137E-CFA5-4FCB-80EC-56462634EA3A}.Debug|Any CPU.Build.0 = Debug|Any CPU
		{9695137E-CFA5-4FCB-80EC-56462634EA3A}.Release|Any CPU.ActiveCfg = Release|Any CPU
		{9695137E-CFA5-4FCB-80EC-56462634EA3A}.Release|Any CPU.Build.0 = Release|Any CPU
		{D5DF12D3-86FC-4358-B7CB-62105DE3C9E5}.Debug|Any CPU.ActiveCfg = Debug|Any CPU
		{D5DF12D3-86FC-4358-B7CB-62105DE3C9E5}.Debug|Any CPU.Build.0 = Debug|Any CPU
		{D5DF12D3-86FC-4358-B7CB-62105DE3C9E5}.Release|Any CPU.ActiveCfg = Release|Any CPU
		{D5DF12D3-86FC-4358-B7CB-62105DE3C9E5}.Release|Any CPU.Build.0 = Release|Any CPU
		{B23BAEAE-BDB3-41D8-B59D-9525179DFE48}.Debug|Any CPU.ActiveCfg = Debug|Any CPU
		{B23BAEAE-BDB3-41D8-B59D-9525179DFE48}.Debug|Any CPU.Build.0 = Debug|Any CPU
		{B23BAEAE-BDB3-41D8-B59D-9525179DFE48}.Release|Any CPU.ActiveCfg = Release|Any CPU
		{B23BAEAE-BDB3-41D8-B59D-9525179DFE48}.Release|Any CPU.Build.0 = Release|Any CPU
		{032ECC90-E0B2-47C8-8470-22DDB00E9DAC}.Debug|Any CPU.ActiveCfg = Debug|Any CPU
		{032ECC90-E0B2-47C8-8470-22DDB00E9DAC}.Debug|Any CPU.Build.0 = Debug|Any CPU
		{032ECC90-E0B2-47C8-8470-22DDB00E9DAC}.Release|Any CPU.ActiveCfg = Release|Any CPU
		{032ECC90-E0B2-47C8-8470-22DDB00E9DAC}.Release|Any CPU.Build.0 = Release|Any CPU
		{49BAFB65-4EE6-45D4-95D6-0CEE7FAF5886}.Debug|Any CPU.ActiveCfg = Debug|Any CPU
		{49BAFB65-4EE6-45D4-95D6-0CEE7FAF5886}.Debug|Any CPU.Build.0 = Debug|Any CPU
		{49BAFB65-4EE6-45D4-95D6-0CEE7FAF5886}.Release|Any CPU.ActiveCfg = Release|Any CPU
		{49BAFB65-4EE6-45D4-95D6-0CEE7FAF5886}.Release|Any CPU.Build.0 = Release|Any CPU
		{D3B1BD3C-799D-4F9D-B2D7-630B2D81F703}.Debug|Any CPU.ActiveCfg = Debug|Any CPU
		{D3B1BD3C-799D-4F9D-B2D7-630B2D81F703}.Debug|Any CPU.Build.0 = Debug|Any CPU
		{D3B1BD3C-799D-4F9D-B2D7-630B2D81F703}.Release|Any CPU.ActiveCfg = Release|Any CPU
		{D3B1BD3C-799D-4F9D-B2D7-630B2D81F703}.Release|Any CPU.Build.0 = Release|Any CPU
	EndGlobalSection
	GlobalSection(SolutionProperties) = preSolution
		HideSolutionNode = FALSE
	EndGlobalSection
	GlobalSection(NestedProjects) = preSolution
		{0D07F61C-EBBC-48DC-BD01-FEA8662800DE} = {4C65B566-D423-4C1B-8804-FA9040854BA3}
		{1778D1C6-2355-4C07-BA64-A1030A7EF4AF} = {4C65B566-D423-4C1B-8804-FA9040854BA3}
		{C2965C0D-D16D-4DA7-8CB6-31F63B6672BE} = {4C65B566-D423-4C1B-8804-FA9040854BA3}
		{059D36B9-3DE5-4709-AC4F-BF0890173B14} = {2175EDAE-EAE1-4343-96BF-1CC827F504CE}
		{0171BE8F-44C7-4BDC-8EA3-A871DF87E040} = {2175EDAE-EAE1-4343-96BF-1CC827F504CE}
		{AD8147B5-E578-477D-A5A3-FA72EF8BD765} = {2175EDAE-EAE1-4343-96BF-1CC827F504CE}
		{5E18AA9F-33E2-45D9-9D06-3CAEF5B98E8F} = {BE0580E8-EB39-4365-9BED-3CB2D2558EA2}
		{801065EB-3BD4-4A28-AD11-DA2D8E125B8A} = {BE0580E8-EB39-4365-9BED-3CB2D2558EA2}
		{640A3ACB-2549-4DD9-898F-E19BEE6A21FF} = {BE0580E8-EB39-4365-9BED-3CB2D2558EA2}
		{3CACEBBE-74E7-4CE0-B67F-67357174BE0D} = {54E2DABA-8103-4B00-AFA6-C8E11F7B6116}
		{0BA21A65-F7DD-4F72-ADD7-A611B28783B5} = {54E2DABA-8103-4B00-AFA6-C8E11F7B6116}
		{A73922B3-76D6-4BD1-BE71-6145C278396A} = {54E2DABA-8103-4B00-AFA6-C8E11F7B6116}
		{B722B857-67F0-47C3-8A11-46AE5E75297C} = {57C3E342-566D-4619-B0D4-813B6DDFE4ED}
		{435907A7-2CEB-47CA-B152-A09E393B28EB} = {57C3E342-566D-4619-B0D4-813B6DDFE4ED}
		{5D454266-F2F4-4699-9DBC-7524A5C3CEED} = {57C3E342-566D-4619-B0D4-813B6DDFE4ED}
		{352C71DD-900F-4861-8022-E27B19D7DFC9} = {A5EF9DE5-F313-4A11-8828-449198566A73}
		{E7CC8D07-0EE2-4459-9686-422DA167D77E} = {A5EF9DE5-F313-4A11-8828-449198566A73}
		{933E13D1-8505-4C67-A745-DCACE8AE2020} = {A5EF9DE5-F313-4A11-8828-449198566A73}
		{9695137E-CFA5-4FCB-80EC-56462634EA3A} = {5935BD96-C3A4-4782-9059-A31DBD3281F8}
		{D5DF12D3-86FC-4358-B7CB-62105DE3C9E5} = {5935BD96-C3A4-4782-9059-A31DBD3281F8}
		{B23BAEAE-BDB3-41D8-B59D-9525179DFE48} = {5935BD96-C3A4-4782-9059-A31DBD3281F8}
		{032ECC90-E0B2-47C8-8470-22DDB00E9DAC} = {1EEEFA0C-4104-40D0-AC3B-C345C7A089C9}
		{49BAFB65-4EE6-45D4-95D6-0CEE7FAF5886} = {1EEEFA0C-4104-40D0-AC3B-C345C7A089C9}
		{D3B1BD3C-799D-4F9D-B2D7-630B2D81F703} = {1EEEFA0C-4104-40D0-AC3B-C345C7A089C9}
	EndGlobalSection
	GlobalSection(ExtensibilityGlobals) = postSolution
		SolutionGuid = {7779F3BC-1A57-4D43-BC24-879C3326E609}
	EndGlobalSection
EndGlobal
