
Microsoft Visual Studio Solution File, Format Version 12.00
# Visual Studio Version 17
VisualStudioVersion = 17.1.32319.34
MinimumVisualStudioVersion = 10.0.40219.1
Project("{9A19103F-16F7-4668-BE54-9A1E7A4F7556}") = "MMTRShop.Repository", "MMTRShop.Repository\MMTRShop.Repository.csproj", "{6A36A9DC-38EE-4442-9F23-A8B87DE1493B}"
EndProject
Project("{9A19103F-16F7-4668-BE54-9A1E7A4F7556}") = "MMTRShop.Service", "MMTRShop.Service\MMTRShop.Service.csproj", "{2D10C12E-F6D1-43E0-9783-70938BA1B09F}"
EndProject
Project("{9A19103F-16F7-4668-BE54-9A1E7A4F7556}") = "MMTRShopAPI", "MMTRShopAPI\MMTRShopAPI.csproj", "{FBE191AE-E3E9-49F3-B75A-02FF036D3778}"
EndProject
Project("{9A19103F-16F7-4668-BE54-9A1E7A4F7556}") = "Shop.Infrastructure", "Shop.Infrastructure\Shop.Infrastructure.csproj", "{F5CDA9BC-1813-4171-A7CB-CBC83D4CEBD0}"
EndProject
Project("{9A19103F-16F7-4668-BE54-9A1E7A4F7556}") = "PersonalAccount.Api", "PersonalAccount\PersonalAccount.Api.csproj", "{9FE1E55F-9371-416C-B012-12BB7EC9994B}"
EndProject
Project("{9A19103F-16F7-4668-BE54-9A1E7A4F7556}") = "Carts.Api", "CartMicroservice\Carts.Api.csproj", "{2A0E6D22-F855-499F-826A-5D91E801BDF7}"
EndProject
Project("{9A19103F-16F7-4668-BE54-9A1E7A4F7556}") = "Authorization.Api", "AuthorizationMicroservice\Authorization.Api.csproj", "{C0DC744F-699C-416C-93A9-4E8D3D1550A3}"
EndProject
Project("{9A19103F-16F7-4668-BE54-9A1E7A4F7556}") = "Configuration.Api", "ConfigurationMicroservice\Configuration.Api.csproj", "{77BB6D66-05C8-4AFF-866F-B668733D62CD}"
EndProject
Project("{2150E333-8FDC-42A3-9474-1A3956D46DE8}") = "AuthorizationMicroservice", "AuthorizationMicroservice", "{4C65B566-D423-4C1B-8804-FA9040854BA3}"
EndProject
Project("{9A19103F-16F7-4668-BE54-9A1E7A4F7556}") = "Authorization.Repository", "Cart.Repository\Authorization.Repository.csproj", "{50D3E1B8-35D5-42F8-986B-26AEB577BBA8}"
EndProject
Project("{9A19103F-16F7-4668-BE54-9A1E7A4F7556}") = "Authorization.Services", "Authorization.Services\Authorization.Services.csproj", "{8AD118F1-5C64-4772-B632-20D342807E49}"
EndProject
Project("{2150E333-8FDC-42A3-9474-1A3956D46DE8}") = "CartMicroservice", "CartMicroservice", "{2175EDAE-EAE1-4343-96BF-1CC827F504CE}"
EndProject
Project("{9A19103F-16F7-4668-BE54-9A1E7A4F7556}") = "Carts.Repository", "CartRepository\Carts.Repository.csproj", "{3EC3607F-75B1-49D1-AEC7-5117B26EACFB}"
EndProject
Project("{9A19103F-16F7-4668-BE54-9A1E7A4F7556}") = "Carts.Services", "Cart.Services\Carts.Services.csproj", "{25E2C145-2F55-43EF-96EC-49AAD2EA1F52}"
EndProject
Project("{2150E333-8FDC-42A3-9474-1A3956D46DE8}") = "ConfigurationMicroservice", "ConfigurationMicroservice", "{BE0580E8-EB39-4365-9BED-3CB2D2558EA2}"
EndProject
Project("{9A19103F-16F7-4668-BE54-9A1E7A4F7556}") = "Configuration.Services", "Configuration.Services\Configuration.Services.csproj", "{12EA2844-06B4-4F8F-A186-5F0407B94A9E}"
EndProject
Project("{2150E333-8FDC-42A3-9474-1A3956D46DE8}") = "PersonalAccountMicroservice", "PersonalAccountMicroservice", "{54E2DABA-8103-4B00-AFA6-C8E11F7B6116}"
EndProject
Project("{FAE04EC0-301F-11D3-BF4B-00C04F79EFBC}") = "PersonalAccount.Repository", "PersonalAccount.repository\PersonalAccount.Repository.csproj", "{8D2F03BB-21AC-4171-8C92-BF5E9F967184}"
EndProject
Project("{FAE04EC0-301F-11D3-BF4B-00C04F79EFBC}") = "PersonalAccount.Services", "PersonalAccount.Services\PersonalAccount.Services.csproj", "{1E7C2B4A-11D0-4355-AD72-5733BA437E6D}"
EndProject
Global
	GlobalSection(SolutionConfigurationPlatforms) = preSolution
		Debug|Any CPU = Debug|Any CPU
		Release|Any CPU = Release|Any CPU
	EndGlobalSection
	GlobalSection(ProjectConfigurationPlatforms) = postSolution
		{6A36A9DC-38EE-4442-9F23-A8B87DE1493B}.Debug|Any CPU.ActiveCfg = Debug|Any CPU
		{6A36A9DC-38EE-4442-9F23-A8B87DE1493B}.Debug|Any CPU.Build.0 = Debug|Any CPU
		{6A36A9DC-38EE-4442-9F23-A8B87DE1493B}.Release|Any CPU.ActiveCfg = Release|Any CPU
		{6A36A9DC-38EE-4442-9F23-A8B87DE1493B}.Release|Any CPU.Build.0 = Release|Any CPU
		{2D10C12E-F6D1-43E0-9783-70938BA1B09F}.Debug|Any CPU.ActiveCfg = Debug|Any CPU
		{2D10C12E-F6D1-43E0-9783-70938BA1B09F}.Debug|Any CPU.Build.0 = Debug|Any CPU
		{2D10C12E-F6D1-43E0-9783-70938BA1B09F}.Release|Any CPU.ActiveCfg = Release|Any CPU
		{2D10C12E-F6D1-43E0-9783-70938BA1B09F}.Release|Any CPU.Build.0 = Release|Any CPU
		{FBE191AE-E3E9-49F3-B75A-02FF036D3778}.Debug|Any CPU.ActiveCfg = Debug|Any CPU
		{FBE191AE-E3E9-49F3-B75A-02FF036D3778}.Debug|Any CPU.Build.0 = Debug|Any CPU
		{FBE191AE-E3E9-49F3-B75A-02FF036D3778}.Release|Any CPU.ActiveCfg = Release|Any CPU
		{FBE191AE-E3E9-49F3-B75A-02FF036D3778}.Release|Any CPU.Build.0 = Release|Any CPU
		{F5CDA9BC-1813-4171-A7CB-CBC83D4CEBD0}.Debug|Any CPU.ActiveCfg = Debug|Any CPU
		{F5CDA9BC-1813-4171-A7CB-CBC83D4CEBD0}.Debug|Any CPU.Build.0 = Debug|Any CPU
		{F5CDA9BC-1813-4171-A7CB-CBC83D4CEBD0}.Release|Any CPU.ActiveCfg = Release|Any CPU
		{F5CDA9BC-1813-4171-A7CB-CBC83D4CEBD0}.Release|Any CPU.Build.0 = Release|Any CPU
		{9FE1E55F-9371-416C-B012-12BB7EC9994B}.Debug|Any CPU.ActiveCfg = Debug|Any CPU
		{9FE1E55F-9371-416C-B012-12BB7EC9994B}.Debug|Any CPU.Build.0 = Debug|Any CPU
		{9FE1E55F-9371-416C-B012-12BB7EC9994B}.Release|Any CPU.ActiveCfg = Release|Any CPU
		{9FE1E55F-9371-416C-B012-12BB7EC9994B}.Release|Any CPU.Build.0 = Release|Any CPU
		{2A0E6D22-F855-499F-826A-5D91E801BDF7}.Debug|Any CPU.ActiveCfg = Debug|Any CPU
		{2A0E6D22-F855-499F-826A-5D91E801BDF7}.Debug|Any CPU.Build.0 = Debug|Any CPU
		{2A0E6D22-F855-499F-826A-5D91E801BDF7}.Release|Any CPU.ActiveCfg = Release|Any CPU
		{2A0E6D22-F855-499F-826A-5D91E801BDF7}.Release|Any CPU.Build.0 = Release|Any CPU
		{C0DC744F-699C-416C-93A9-4E8D3D1550A3}.Debug|Any CPU.ActiveCfg = Debug|Any CPU
		{C0DC744F-699C-416C-93A9-4E8D3D1550A3}.Debug|Any CPU.Build.0 = Debug|Any CPU
		{C0DC744F-699C-416C-93A9-4E8D3D1550A3}.Release|Any CPU.ActiveCfg = Release|Any CPU
		{C0DC744F-699C-416C-93A9-4E8D3D1550A3}.Release|Any CPU.Build.0 = Release|Any CPU
		{77BB6D66-05C8-4AFF-866F-B668733D62CD}.Debug|Any CPU.ActiveCfg = Debug|Any CPU
		{77BB6D66-05C8-4AFF-866F-B668733D62CD}.Debug|Any CPU.Build.0 = Debug|Any CPU
		{77BB6D66-05C8-4AFF-866F-B668733D62CD}.Release|Any CPU.ActiveCfg = Release|Any CPU
		{77BB6D66-05C8-4AFF-866F-B668733D62CD}.Release|Any CPU.Build.0 = Release|Any CPU
		{50D3E1B8-35D5-42F8-986B-26AEB577BBA8}.Debug|Any CPU.ActiveCfg = Debug|Any CPU
		{50D3E1B8-35D5-42F8-986B-26AEB577BBA8}.Debug|Any CPU.Build.0 = Debug|Any CPU
		{50D3E1B8-35D5-42F8-986B-26AEB577BBA8}.Release|Any CPU.ActiveCfg = Release|Any CPU
		{50D3E1B8-35D5-42F8-986B-26AEB577BBA8}.Release|Any CPU.Build.0 = Release|Any CPU
		{8AD118F1-5C64-4772-B632-20D342807E49}.Debug|Any CPU.ActiveCfg = Debug|Any CPU
		{8AD118F1-5C64-4772-B632-20D342807E49}.Debug|Any CPU.Build.0 = Debug|Any CPU
		{8AD118F1-5C64-4772-B632-20D342807E49}.Release|Any CPU.ActiveCfg = Release|Any CPU
		{8AD118F1-5C64-4772-B632-20D342807E49}.Release|Any CPU.Build.0 = Release|Any CPU
		{3EC3607F-75B1-49D1-AEC7-5117B26EACFB}.Debug|Any CPU.ActiveCfg = Debug|Any CPU
		{3EC3607F-75B1-49D1-AEC7-5117B26EACFB}.Debug|Any CPU.Build.0 = Debug|Any CPU
		{3EC3607F-75B1-49D1-AEC7-5117B26EACFB}.Release|Any CPU.ActiveCfg = Release|Any CPU
		{3EC3607F-75B1-49D1-AEC7-5117B26EACFB}.Release|Any CPU.Build.0 = Release|Any CPU
		{25E2C145-2F55-43EF-96EC-49AAD2EA1F52}.Debug|Any CPU.ActiveCfg = Debug|Any CPU
		{25E2C145-2F55-43EF-96EC-49AAD2EA1F52}.Debug|Any CPU.Build.0 = Debug|Any CPU
		{25E2C145-2F55-43EF-96EC-49AAD2EA1F52}.Release|Any CPU.ActiveCfg = Release|Any CPU
		{25E2C145-2F55-43EF-96EC-49AAD2EA1F52}.Release|Any CPU.Build.0 = Release|Any CPU
		{12EA2844-06B4-4F8F-A186-5F0407B94A9E}.Debug|Any CPU.ActiveCfg = Debug|Any CPU
		{12EA2844-06B4-4F8F-A186-5F0407B94A9E}.Debug|Any CPU.Build.0 = Debug|Any CPU
		{12EA2844-06B4-4F8F-A186-5F0407B94A9E}.Release|Any CPU.ActiveCfg = Release|Any CPU
		{12EA2844-06B4-4F8F-A186-5F0407B94A9E}.Release|Any CPU.Build.0 = Release|Any CPU
		{8D2F03BB-21AC-4171-8C92-BF5E9F967184}.Debug|Any CPU.ActiveCfg = Debug|Any CPU
		{8D2F03BB-21AC-4171-8C92-BF5E9F967184}.Debug|Any CPU.Build.0 = Debug|Any CPU
		{8D2F03BB-21AC-4171-8C92-BF5E9F967184}.Release|Any CPU.ActiveCfg = Release|Any CPU
		{8D2F03BB-21AC-4171-8C92-BF5E9F967184}.Release|Any CPU.Build.0 = Release|Any CPU
		{1E7C2B4A-11D0-4355-AD72-5733BA437E6D}.Debug|Any CPU.ActiveCfg = Debug|Any CPU
		{1E7C2B4A-11D0-4355-AD72-5733BA437E6D}.Debug|Any CPU.Build.0 = Debug|Any CPU
		{1E7C2B4A-11D0-4355-AD72-5733BA437E6D}.Release|Any CPU.ActiveCfg = Release|Any CPU
		{1E7C2B4A-11D0-4355-AD72-5733BA437E6D}.Release|Any CPU.Build.0 = Release|Any CPU
	EndGlobalSection
	GlobalSection(SolutionProperties) = preSolution
		HideSolutionNode = FALSE
	EndGlobalSection
	GlobalSection(NestedProjects) = preSolution
		{9FE1E55F-9371-416C-B012-12BB7EC9994B} = {54E2DABA-8103-4B00-AFA6-C8E11F7B6116}
		{2A0E6D22-F855-499F-826A-5D91E801BDF7} = {2175EDAE-EAE1-4343-96BF-1CC827F504CE}
		{C0DC744F-699C-416C-93A9-4E8D3D1550A3} = {4C65B566-D423-4C1B-8804-FA9040854BA3}
		{77BB6D66-05C8-4AFF-866F-B668733D62CD} = {BE0580E8-EB39-4365-9BED-3CB2D2558EA2}
		{50D3E1B8-35D5-42F8-986B-26AEB577BBA8} = {4C65B566-D423-4C1B-8804-FA9040854BA3}
		{8AD118F1-5C64-4772-B632-20D342807E49} = {4C65B566-D423-4C1B-8804-FA9040854BA3}
		{3EC3607F-75B1-49D1-AEC7-5117B26EACFB} = {2175EDAE-EAE1-4343-96BF-1CC827F504CE}
		{25E2C145-2F55-43EF-96EC-49AAD2EA1F52} = {2175EDAE-EAE1-4343-96BF-1CC827F504CE}
		{12EA2844-06B4-4F8F-A186-5F0407B94A9E} = {BE0580E8-EB39-4365-9BED-3CB2D2558EA2}
		{8D2F03BB-21AC-4171-8C92-BF5E9F967184} = {54E2DABA-8103-4B00-AFA6-C8E11F7B6116}
		{1E7C2B4A-11D0-4355-AD72-5733BA437E6D} = {54E2DABA-8103-4B00-AFA6-C8E11F7B6116}
	EndGlobalSection
	GlobalSection(ExtensibilityGlobals) = postSolution
		SolutionGuid = {7779F3BC-1A57-4D43-BC24-879C3326E609}
	EndGlobalSection
EndGlobal
