
Microsoft Visual Studio Solution File, Format Version 12.00
# Visual Studio Version 17
VisualStudioVersion = 17.1.32319.34
MinimumVisualStudioVersion = 10.0.40219.1
Project("{9A19103F-16F7-4668-BE54-9A1E7A4F7556}") = "MMTRShop.Repository", "MMTRShop.Repository\MMTRShop.Repository.csproj", "{6A36A9DC-38EE-4442-9F23-A8B87DE1493B}"
EndProject
Project("{9A19103F-16F7-4668-BE54-9A1E7A4F7556}") = "MMTRShop.Service", "MMTRShop.Service\MMTRShop.Service.csproj", "{2D10C12E-F6D1-43E0-9783-70938BA1B09F}"
EndProject
Project("{9A19103F-16F7-4668-BE54-9A1E7A4F7556}") = "MMTRShopAPI", "MMTRShopAPI\MMTRShopAPI.csproj", "{FBE191AE-E3E9-49F3-B75A-02FF036D3778}"
EndProject
Project("{2150E333-8FDC-42A3-9474-1A3956D46DE8}") = "AuthorizationMicroservice", "AuthorizationMicroservice", "{4C65B566-D423-4C1B-8804-FA9040854BA3}"
EndProject
Project("{2150E333-8FDC-42A3-9474-1A3956D46DE8}") = "CartMicroservice", "CartMicroservice", "{2175EDAE-EAE1-4343-96BF-1CC827F504CE}"
EndProject
Project("{9A19103F-16F7-4668-BE54-9A1E7A4F7556}") = "Carts.Repository", "CartRepository\Carts.Repository.csproj", "{3EC3607F-75B1-49D1-AEC7-5117B26EACFB}"
EndProject
Project("{9A19103F-16F7-4668-BE54-9A1E7A4F7556}") = "Carts.Services", "Cart.Services\Carts.Services.csproj", "{25E2C145-2F55-43EF-96EC-49AAD2EA1F52}"
EndProject
Project("{2150E333-8FDC-42A3-9474-1A3956D46DE8}") = "ConfigurationMicroservice", "ConfigurationMicroservice", "{BE0580E8-EB39-4365-9BED-3CB2D2558EA2}"
EndProject
Project("{9A19103F-16F7-4668-BE54-9A1E7A4F7556}") = "Configuration.Services", "Configuration.Services\Configuration.Services.csproj", "{12EA2844-06B4-4F8F-A186-5F0407B94A9E}"
EndProject
Project("{2150E333-8FDC-42A3-9474-1A3956D46DE8}") = "PersonalAccountMicroservice", "PersonalAccountMicroservice", "{54E2DABA-8103-4B00-AFA6-C8E11F7B6116}"
EndProject
Project("{9A19103F-16F7-4668-BE54-9A1E7A4F7556}") = "PersonalAccount.Repository", "PersonalAccount.repository\PersonalAccount.Repository.csproj", "{8D2F03BB-21AC-4171-8C92-BF5E9F967184}"
EndProject
Project("{9A19103F-16F7-4668-BE54-9A1E7A4F7556}") = "PersonalAccount.Services", "PersonalAccount.Services\PersonalAccount.Services.csproj", "{1E7C2B4A-11D0-4355-AD72-5733BA437E6D}"
EndProject
Project("{9A19103F-16F7-4668-BE54-9A1E7A4F7556}") = "Configuration.Repository", "Configuration.Repository\Configuration.Repository.csproj", "{0D3F1523-E0C0-48ED-AE85-B0242C463CA3}"
EndProject
Project("{9A19103F-16F7-4668-BE54-9A1E7A4F7556}") = "Carts.Api", "Carts.Api\Carts.Api.csproj", "{4B827596-110D-466D-BA1E-D96B1594A227}"
EndProject
Project("{9A19103F-16F7-4668-BE54-9A1E7A4F7556}") = "Configuration.Api", "Configuration.Api\Configuration.Api.csproj", "{FC222F2D-A4FE-4099-B7D6-46A5AD4B4547}"
EndProject
Project("{9A19103F-16F7-4668-BE54-9A1E7A4F7556}") = "PersonalAccount.Api", "PersonalAccount.Api\PersonalAccount.Api.csproj", "{23B24DC2-97E0-42A2-8CB8-430E8CD8EA54}"
EndProject
Project("{9A19103F-16F7-4668-BE54-9A1E7A4F7556}") = "Shop.Infrastructure", "Shop.Infrastructure\Shop.Infrastructure.csproj", "{5199E3CE-2BB3-4063-A411-F29EFC7E583C}"
EndProject
Project("{9A19103F-16F7-4668-BE54-9A1E7A4F7556}") = "Authorization.Api", "Authorization.Api\Authorization.Api.csproj", "{AA5A7400-F993-4E8A-AF9E-19E13B1E2FFD}"
EndProject
Project("{9A19103F-16F7-4668-BE54-9A1E7A4F7556}") = "Authorization.Repository", "Authorization.Repository\Authorization.Repository.csproj", "{A979F1F7-ACCF-4234-95FD-9ACAD31CA54C}"
EndProject
Project("{9A19103F-16F7-4668-BE54-9A1E7A4F7556}") = "Authorization.Services", "Authorization.Services\Authorization.Services.csproj", "{662828BE-FDDE-429B-AB24-A04F909CD180}"
EndProject
Global
	GlobalSection(SolutionConfigurationPlatforms) = preSolution
		Debug|Any CPU = Debug|Any CPU
		Release|Any CPU = Release|Any CPU
	EndGlobalSection
	GlobalSection(ProjectConfigurationPlatforms) = postSolution
		{6A36A9DC-38EE-4442-9F23-A8B87DE1493B}.Debug|Any CPU.ActiveCfg = Debug|Any CPU
		{6A36A9DC-38EE-4442-9F23-A8B87DE1493B}.Debug|Any CPU.Build.0 = Debug|Any CPU
		{6A36A9DC-38EE-4442-9F23-A8B87DE1493B}.Release|Any CPU.ActiveCfg = Release|Any CPU
		{6A36A9DC-38EE-4442-9F23-A8B87DE1493B}.Release|Any CPU.Build.0 = Release|Any CPU
		{2D10C12E-F6D1-43E0-9783-70938BA1B09F}.Debug|Any CPU.ActiveCfg = Debug|Any CPU
		{2D10C12E-F6D1-43E0-9783-70938BA1B09F}.Debug|Any CPU.Build.0 = Debug|Any CPU
		{2D10C12E-F6D1-43E0-9783-70938BA1B09F}.Release|Any CPU.ActiveCfg = Release|Any CPU
		{2D10C12E-F6D1-43E0-9783-70938BA1B09F}.Release|Any CPU.Build.0 = Release|Any CPU
		{FBE191AE-E3E9-49F3-B75A-02FF036D3778}.Debug|Any CPU.ActiveCfg = Debug|Any CPU
		{FBE191AE-E3E9-49F3-B75A-02FF036D3778}.Debug|Any CPU.Build.0 = Debug|Any CPU
		{FBE191AE-E3E9-49F3-B75A-02FF036D3778}.Release|Any CPU.ActiveCfg = Release|Any CPU
		{FBE191AE-E3E9-49F3-B75A-02FF036D3778}.Release|Any CPU.Build.0 = Release|Any CPU
		{3EC3607F-75B1-49D1-AEC7-5117B26EACFB}.Debug|Any CPU.ActiveCfg = Debug|Any CPU
		{3EC3607F-75B1-49D1-AEC7-5117B26EACFB}.Debug|Any CPU.Build.0 = Debug|Any CPU
		{3EC3607F-75B1-49D1-AEC7-5117B26EACFB}.Release|Any CPU.ActiveCfg = Release|Any CPU
		{3EC3607F-75B1-49D1-AEC7-5117B26EACFB}.Release|Any CPU.Build.0 = Release|Any CPU
		{25E2C145-2F55-43EF-96EC-49AAD2EA1F52}.Debug|Any CPU.ActiveCfg = Debug|Any CPU
		{25E2C145-2F55-43EF-96EC-49AAD2EA1F52}.Debug|Any CPU.Build.0 = Debug|Any CPU
		{25E2C145-2F55-43EF-96EC-49AAD2EA1F52}.Release|Any CPU.ActiveCfg = Release|Any CPU
		{25E2C145-2F55-43EF-96EC-49AAD2EA1F52}.Release|Any CPU.Build.0 = Release|Any CPU
		{12EA2844-06B4-4F8F-A186-5F0407B94A9E}.Debug|Any CPU.ActiveCfg = Debug|Any CPU
		{12EA2844-06B4-4F8F-A186-5F0407B94A9E}.Debug|Any CPU.Build.0 = Debug|Any CPU
		{12EA2844-06B4-4F8F-A186-5F0407B94A9E}.Release|Any CPU.ActiveCfg = Release|Any CPU
		{12EA2844-06B4-4F8F-A186-5F0407B94A9E}.Release|Any CPU.Build.0 = Release|Any CPU
		{8D2F03BB-21AC-4171-8C92-BF5E9F967184}.Debug|Any CPU.ActiveCfg = Debug|Any CPU
		{8D2F03BB-21AC-4171-8C92-BF5E9F967184}.Debug|Any CPU.Build.0 = Debug|Any CPU
		{8D2F03BB-21AC-4171-8C92-BF5E9F967184}.Release|Any CPU.ActiveCfg = Release|Any CPU
		{8D2F03BB-21AC-4171-8C92-BF5E9F967184}.Release|Any CPU.Build.0 = Release|Any CPU
		{1E7C2B4A-11D0-4355-AD72-5733BA437E6D}.Debug|Any CPU.ActiveCfg = Debug|Any CPU
		{1E7C2B4A-11D0-4355-AD72-5733BA437E6D}.Debug|Any CPU.Build.0 = Debug|Any CPU
		{1E7C2B4A-11D0-4355-AD72-5733BA437E6D}.Release|Any CPU.ActiveCfg = Release|Any CPU
		{1E7C2B4A-11D0-4355-AD72-5733BA437E6D}.Release|Any CPU.Build.0 = Release|Any CPU
		{0D3F1523-E0C0-48ED-AE85-B0242C463CA3}.Debug|Any CPU.ActiveCfg = Debug|Any CPU
		{0D3F1523-E0C0-48ED-AE85-B0242C463CA3}.Debug|Any CPU.Build.0 = Debug|Any CPU
		{0D3F1523-E0C0-48ED-AE85-B0242C463CA3}.Release|Any CPU.ActiveCfg = Release|Any CPU
		{0D3F1523-E0C0-48ED-AE85-B0242C463CA3}.Release|Any CPU.Build.0 = Release|Any CPU
		{4B827596-110D-466D-BA1E-D96B1594A227}.Debug|Any CPU.ActiveCfg = Debug|Any CPU
		{4B827596-110D-466D-BA1E-D96B1594A227}.Debug|Any CPU.Build.0 = Debug|Any CPU
		{4B827596-110D-466D-BA1E-D96B1594A227}.Release|Any CPU.ActiveCfg = Release|Any CPU
		{4B827596-110D-466D-BA1E-D96B1594A227}.Release|Any CPU.Build.0 = Release|Any CPU
		{FC222F2D-A4FE-4099-B7D6-46A5AD4B4547}.Debug|Any CPU.ActiveCfg = Debug|Any CPU
		{FC222F2D-A4FE-4099-B7D6-46A5AD4B4547}.Debug|Any CPU.Build.0 = Debug|Any CPU
		{FC222F2D-A4FE-4099-B7D6-46A5AD4B4547}.Release|Any CPU.ActiveCfg = Release|Any CPU
		{FC222F2D-A4FE-4099-B7D6-46A5AD4B4547}.Release|Any CPU.Build.0 = Release|Any CPU
		{23B24DC2-97E0-42A2-8CB8-430E8CD8EA54}.Debug|Any CPU.ActiveCfg = Debug|Any CPU
		{23B24DC2-97E0-42A2-8CB8-430E8CD8EA54}.Debug|Any CPU.Build.0 = Debug|Any CPU
		{23B24DC2-97E0-42A2-8CB8-430E8CD8EA54}.Release|Any CPU.ActiveCfg = Release|Any CPU
		{23B24DC2-97E0-42A2-8CB8-430E8CD8EA54}.Release|Any CPU.Build.0 = Release|Any CPU
		{5199E3CE-2BB3-4063-A411-F29EFC7E583C}.Debug|Any CPU.ActiveCfg = Debug|Any CPU
		{5199E3CE-2BB3-4063-A411-F29EFC7E583C}.Debug|Any CPU.Build.0 = Debug|Any CPU
		{5199E3CE-2BB3-4063-A411-F29EFC7E583C}.Release|Any CPU.ActiveCfg = Release|Any CPU
		{5199E3CE-2BB3-4063-A411-F29EFC7E583C}.Release|Any CPU.Build.0 = Release|Any CPU
		{AA5A7400-F993-4E8A-AF9E-19E13B1E2FFD}.Debug|Any CPU.ActiveCfg = Debug|Any CPU
		{AA5A7400-F993-4E8A-AF9E-19E13B1E2FFD}.Debug|Any CPU.Build.0 = Debug|Any CPU
		{AA5A7400-F993-4E8A-AF9E-19E13B1E2FFD}.Release|Any CPU.ActiveCfg = Release|Any CPU
		{AA5A7400-F993-4E8A-AF9E-19E13B1E2FFD}.Release|Any CPU.Build.0 = Release|Any CPU
		{A979F1F7-ACCF-4234-95FD-9ACAD31CA54C}.Debug|Any CPU.ActiveCfg = Debug|Any CPU
		{A979F1F7-ACCF-4234-95FD-9ACAD31CA54C}.Debug|Any CPU.Build.0 = Debug|Any CPU
		{A979F1F7-ACCF-4234-95FD-9ACAD31CA54C}.Release|Any CPU.ActiveCfg = Release|Any CPU
		{A979F1F7-ACCF-4234-95FD-9ACAD31CA54C}.Release|Any CPU.Build.0 = Release|Any CPU
		{662828BE-FDDE-429B-AB24-A04F909CD180}.Debug|Any CPU.ActiveCfg = Debug|Any CPU
		{662828BE-FDDE-429B-AB24-A04F909CD180}.Debug|Any CPU.Build.0 = Debug|Any CPU
		{662828BE-FDDE-429B-AB24-A04F909CD180}.Release|Any CPU.ActiveCfg = Release|Any CPU
		{662828BE-FDDE-429B-AB24-A04F909CD180}.Release|Any CPU.Build.0 = Release|Any CPU
	EndGlobalSection
	GlobalSection(SolutionProperties) = preSolution
		HideSolutionNode = FALSE
	EndGlobalSection
	GlobalSection(NestedProjects) = preSolution
		{3EC3607F-75B1-49D1-AEC7-5117B26EACFB} = {2175EDAE-EAE1-4343-96BF-1CC827F504CE}
		{25E2C145-2F55-43EF-96EC-49AAD2EA1F52} = {2175EDAE-EAE1-4343-96BF-1CC827F504CE}
		{12EA2844-06B4-4F8F-A186-5F0407B94A9E} = {BE0580E8-EB39-4365-9BED-3CB2D2558EA2}
		{8D2F03BB-21AC-4171-8C92-BF5E9F967184} = {54E2DABA-8103-4B00-AFA6-C8E11F7B6116}
		{1E7C2B4A-11D0-4355-AD72-5733BA437E6D} = {54E2DABA-8103-4B00-AFA6-C8E11F7B6116}
		{0D3F1523-E0C0-48ED-AE85-B0242C463CA3} = {BE0580E8-EB39-4365-9BED-3CB2D2558EA2}
		{4B827596-110D-466D-BA1E-D96B1594A227} = {2175EDAE-EAE1-4343-96BF-1CC827F504CE}
		{FC222F2D-A4FE-4099-B7D6-46A5AD4B4547} = {BE0580E8-EB39-4365-9BED-3CB2D2558EA2}
		{23B24DC2-97E0-42A2-8CB8-430E8CD8EA54} = {54E2DABA-8103-4B00-AFA6-C8E11F7B6116}
		{AA5A7400-F993-4E8A-AF9E-19E13B1E2FFD} = {4C65B566-D423-4C1B-8804-FA9040854BA3}
		{A979F1F7-ACCF-4234-95FD-9ACAD31CA54C} = {4C65B566-D423-4C1B-8804-FA9040854BA3}
		{662828BE-FDDE-429B-AB24-A04F909CD180} = {4C65B566-D423-4C1B-8804-FA9040854BA3}
	EndGlobalSection
	GlobalSection(ExtensibilityGlobals) = postSolution
		SolutionGuid = {7779F3BC-1A57-4D43-BC24-879C3326E609}
	EndGlobalSection
EndGlobal
